
Microsoft Visual Studio Solution File, Format Version 12.00
# Visual Studio 2012
Project("{FAE04EC0-301F-11D3-BF4B-00C04F79EFBC}") = "Alchemy", "Alchemy\Alchemy.csproj", "{F232BA14-5FC3-4565-9072-5B333D0C9963}"
EndProject
Project("{FAE04EC0-301F-11D3-BF4B-00C04F79EFBC}") = "SemantAPI.Common", "SemantAPI.Common\SemantAPI.Common.csproj", "{5377EB13-7142-4BD6-A4A1-9594C563FE3D}"
	ProjectSection(ProjectDependencies) = postProject
		{E942AB83-DA93-4B16-A826-FF3993B47329} = {E942AB83-DA93-4B16-A826-FF3993B47329}
	EndProjectSection
EndProject
Project("{FAE04EC0-301F-11D3-BF4B-00C04F79EFBC}") = "SemantAPI.Robot", "SemantAPI.Robot\SemantAPI.Robot.csproj", "{A7FDB9D9-016E-4454-B2C4-8AAB6F21C65C}"
EndProject
Project("{FAE04EC0-301F-11D3-BF4B-00C04F79EFBC}") = "Amazon.WebServices.MechanicalTurk", "Amazon.WebServices.MechanicalTurk\Amazon.WebServices.MechanicalTurk.csproj", "{41A1DA7C-40C1-4D44-9CB8-B6827E28BCC3}"
EndProject
Project("{FAE04EC0-301F-11D3-BF4B-00C04F79EFBC}") = "Amazon.WebServices.MechanicalTurk.Domain", "Amazon.WebServices.MechanicalTurk.Domain\Amazon.WebServices.MechanicalTurk.Domain.csproj", "{F260F434-6789-4E55-8548-E9F477E8A0E5}"
EndProject
Project("{FAE04EC0-301F-11D3-BF4B-00C04F79EFBC}") = "SemantAPI.Human", "SemantAPI.Human\SemantAPI.Human.csproj", "{4486B2F7-D7A0-4435-8168-9E2050011673}"
EndProject
Project("{6141683F-8A12-4E36-9623-2EB02B2C2303}") = "SemantAPI", "SemantAPI\SemantAPI.isproj", "{33403F6A-FFC2-46E6-997A-31585F5552E6}"
	ProjectSection(ProjectDependencies) = postProject
		{5377EB13-7142-4BD6-A4A1-9594C563FE3D} = {5377EB13-7142-4BD6-A4A1-9594C563FE3D}
		{F232BA14-5FC3-4565-9072-5B333D0C9963} = {F232BA14-5FC3-4565-9072-5B333D0C9963}
		{F260F434-6789-4E55-8548-E9F477E8A0E5} = {F260F434-6789-4E55-8548-E9F477E8A0E5}
		{41A1DA7C-40C1-4D44-9CB8-B6827E28BCC3} = {41A1DA7C-40C1-4D44-9CB8-B6827E28BCC3}
		{E942AB83-DA93-4B16-A826-FF3993B47329} = {E942AB83-DA93-4B16-A826-FF3993B47329}
		{0CDA51C1-E493-4D69-AC3D-034989E473A5} = {0CDA51C1-E493-4D69-AC3D-034989E473A5}
		{A7FDB9D9-016E-4454-B2C4-8AAB6F21C65C} = {A7FDB9D9-016E-4454-B2C4-8AAB6F21C65C}
		{4486B2F7-D7A0-4435-8168-9E2050011673} = {4486B2F7-D7A0-4435-8168-9E2050011673}
	EndProjectSection
EndProject
Project("{2150E333-8FDC-42A3-9474-1A3956D46DE8}") = "Solution Items", "Solution Items", "{9BDF89C0-5F5A-447B-BC83-A2D6CFAB9EC7}"
	ProjectSection(SolutionItems) = preProject
		Resources\Readme.rtf = Resources\Readme.rtf
		Resources\SemantAPI_Installer_main.jpg = Resources\SemantAPI_Installer_main.jpg
		Resources\SemantAPI_Installer_top.jpg = Resources\SemantAPI_Installer_top.jpg
	EndProjectSection
EndProject
Project("{FAE04EC0-301F-11D3-BF4B-00C04F79EFBC}") = "Repustate", "Repustate\Repustate.csproj", "{0CDA51C1-E493-4D69-AC3D-034989E473A5}"
EndProject
Project("{FAE04EC0-301F-11D3-BF4B-00C04F79EFBC}") = "Semantria.Com", "Semantria\Semantria.Com.csproj", "{E942AB83-DA93-4B16-A826-FF3993B47329}"
EndProject
Global
	GlobalSection(SolutionConfigurationPlatforms) = preSolution
		CD_ROM|Any CPU = CD_ROM|Any CPU
		Debug|Any CPU = Debug|Any CPU
		DVD-5|Any CPU = DVD-5|Any CPU
		Release|Any CPU = Release|Any CPU
		SingleImage|Any CPU = SingleImage|Any CPU
	EndGlobalSection
	GlobalSection(ProjectConfigurationPlatforms) = postSolution
		{F232BA14-5FC3-4565-9072-5B333D0C9963}.CD_ROM|Any CPU.ActiveCfg = Release|Any CPU
		{F232BA14-5FC3-4565-9072-5B333D0C9963}.CD_ROM|Any CPU.Build.0 = Release|Any CPU
		{F232BA14-5FC3-4565-9072-5B333D0C9963}.Debug|Any CPU.ActiveCfg = Debug|Any CPU
		{F232BA14-5FC3-4565-9072-5B333D0C9963}.Debug|Any CPU.Build.0 = Debug|Any CPU
		{F232BA14-5FC3-4565-9072-5B333D0C9963}.DVD-5|Any CPU.ActiveCfg = Debug|Any CPU
		{F232BA14-5FC3-4565-9072-5B333D0C9963}.DVD-5|Any CPU.Build.0 = Debug|Any CPU
		{F232BA14-5FC3-4565-9072-5B333D0C9963}.Release|Any CPU.ActiveCfg = Release|Any CPU
		{F232BA14-5FC3-4565-9072-5B333D0C9963}.Release|Any CPU.Build.0 = Release|Any CPU
		{F232BA14-5FC3-4565-9072-5B333D0C9963}.SingleImage|Any CPU.ActiveCfg = Release|Any CPU
		{F232BA14-5FC3-4565-9072-5B333D0C9963}.SingleImage|Any CPU.Build.0 = Release|Any CPU
		{5377EB13-7142-4BD6-A4A1-9594C563FE3D}.CD_ROM|Any CPU.ActiveCfg = Release|Any CPU
		{5377EB13-7142-4BD6-A4A1-9594C563FE3D}.CD_ROM|Any CPU.Build.0 = Release|Any CPU
		{5377EB13-7142-4BD6-A4A1-9594C563FE3D}.Debug|Any CPU.ActiveCfg = Debug|Any CPU
		{5377EB13-7142-4BD6-A4A1-9594C563FE3D}.Debug|Any CPU.Build.0 = Debug|Any CPU
		{5377EB13-7142-4BD6-A4A1-9594C563FE3D}.DVD-5|Any CPU.ActiveCfg = Debug|Any CPU
		{5377EB13-7142-4BD6-A4A1-9594C563FE3D}.DVD-5|Any CPU.Build.0 = Debug|Any CPU
		{5377EB13-7142-4BD6-A4A1-9594C563FE3D}.Release|Any CPU.ActiveCfg = Release|Any CPU
		{5377EB13-7142-4BD6-A4A1-9594C563FE3D}.Release|Any CPU.Build.0 = Release|Any CPU
		{5377EB13-7142-4BD6-A4A1-9594C563FE3D}.SingleImage|Any CPU.ActiveCfg = Release|Any CPU
		{5377EB13-7142-4BD6-A4A1-9594C563FE3D}.SingleImage|Any CPU.Build.0 = Release|Any CPU
		{A7FDB9D9-016E-4454-B2C4-8AAB6F21C65C}.CD_ROM|Any CPU.ActiveCfg = Release|Any CPU
		{A7FDB9D9-016E-4454-B2C4-8AAB6F21C65C}.CD_ROM|Any CPU.Build.0 = Release|Any CPU
		{A7FDB9D9-016E-4454-B2C4-8AAB6F21C65C}.Debug|Any CPU.ActiveCfg = Debug|Any CPU
		{A7FDB9D9-016E-4454-B2C4-8AAB6F21C65C}.Debug|Any CPU.Build.0 = Debug|Any CPU
		{A7FDB9D9-016E-4454-B2C4-8AAB6F21C65C}.DVD-5|Any CPU.ActiveCfg = Debug|Any CPU
		{A7FDB9D9-016E-4454-B2C4-8AAB6F21C65C}.DVD-5|Any CPU.Build.0 = Debug|Any CPU
		{A7FDB9D9-016E-4454-B2C4-8AAB6F21C65C}.Release|Any CPU.ActiveCfg = Release|Any CPU
		{A7FDB9D9-016E-4454-B2C4-8AAB6F21C65C}.Release|Any CPU.Build.0 = Release|Any CPU
		{A7FDB9D9-016E-4454-B2C4-8AAB6F21C65C}.SingleImage|Any CPU.ActiveCfg = Release|Any CPU
		{A7FDB9D9-016E-4454-B2C4-8AAB6F21C65C}.SingleImage|Any CPU.Build.0 = Release|Any CPU
		{41A1DA7C-40C1-4D44-9CB8-B6827E28BCC3}.CD_ROM|Any CPU.ActiveCfg = Release|Any CPU
		{41A1DA7C-40C1-4D44-9CB8-B6827E28BCC3}.CD_ROM|Any CPU.Build.0 = Release|Any CPU
		{41A1DA7C-40C1-4D44-9CB8-B6827E28BCC3}.Debug|Any CPU.ActiveCfg = Debug|Any CPU
		{41A1DA7C-40C1-4D44-9CB8-B6827E28BCC3}.Debug|Any CPU.Build.0 = Debug|Any CPU
		{41A1DA7C-40C1-4D44-9CB8-B6827E28BCC3}.DVD-5|Any CPU.ActiveCfg = Debug|Any CPU
		{41A1DA7C-40C1-4D44-9CB8-B6827E28BCC3}.DVD-5|Any CPU.Build.0 = Debug|Any CPU
		{41A1DA7C-40C1-4D44-9CB8-B6827E28BCC3}.Release|Any CPU.ActiveCfg = Release|Any CPU
		{41A1DA7C-40C1-4D44-9CB8-B6827E28BCC3}.Release|Any CPU.Build.0 = Release|Any CPU
		{41A1DA7C-40C1-4D44-9CB8-B6827E28BCC3}.SingleImage|Any CPU.ActiveCfg = Release|Any CPU
		{41A1DA7C-40C1-4D44-9CB8-B6827E28BCC3}.SingleImage|Any CPU.Build.0 = Release|Any CPU
		{F260F434-6789-4E55-8548-E9F477E8A0E5}.CD_ROM|Any CPU.ActiveCfg = Release|Any CPU
		{F260F434-6789-4E55-8548-E9F477E8A0E5}.CD_ROM|Any CPU.Build.0 = Release|Any CPU
		{F260F434-6789-4E55-8548-E9F477E8A0E5}.Debug|Any CPU.ActiveCfg = Debug|Any CPU
		{F260F434-6789-4E55-8548-E9F477E8A0E5}.Debug|Any CPU.Build.0 = Debug|Any CPU
		{F260F434-6789-4E55-8548-E9F477E8A0E5}.DVD-5|Any CPU.ActiveCfg = Debug|Any CPU
		{F260F434-6789-4E55-8548-E9F477E8A0E5}.DVD-5|Any CPU.Build.0 = Debug|Any CPU
		{F260F434-6789-4E55-8548-E9F477E8A0E5}.Release|Any CPU.ActiveCfg = Release|Any CPU
		{F260F434-6789-4E55-8548-E9F477E8A0E5}.Release|Any CPU.Build.0 = Release|Any CPU
		{F260F434-6789-4E55-8548-E9F477E8A0E5}.SingleImage|Any CPU.ActiveCfg = Release|Any CPU
		{F260F434-6789-4E55-8548-E9F477E8A0E5}.SingleImage|Any CPU.Build.0 = Release|Any CPU
		{4486B2F7-D7A0-4435-8168-9E2050011673}.CD_ROM|Any CPU.ActiveCfg = Release|Any CPU
		{4486B2F7-D7A0-4435-8168-9E2050011673}.CD_ROM|Any CPU.Build.0 = Release|Any CPU
		{4486B2F7-D7A0-4435-8168-9E2050011673}.Debug|Any CPU.ActiveCfg = Debug|Any CPU
		{4486B2F7-D7A0-4435-8168-9E2050011673}.Debug|Any CPU.Build.0 = Debug|Any CPU
		{4486B2F7-D7A0-4435-8168-9E2050011673}.DVD-5|Any CPU.ActiveCfg = Debug|Any CPU
		{4486B2F7-D7A0-4435-8168-9E2050011673}.DVD-5|Any CPU.Build.0 = Debug|Any CPU
		{4486B2F7-D7A0-4435-8168-9E2050011673}.Release|Any CPU.ActiveCfg = Release|Any CPU
		{4486B2F7-D7A0-4435-8168-9E2050011673}.Release|Any CPU.Build.0 = Release|Any CPU
		{4486B2F7-D7A0-4435-8168-9E2050011673}.SingleImage|Any CPU.ActiveCfg = Release|Any CPU
		{4486B2F7-D7A0-4435-8168-9E2050011673}.SingleImage|Any CPU.Build.0 = Release|Any CPU
		{33403F6A-FFC2-46E6-997A-31585F5552E6}.CD_ROM|Any CPU.ActiveCfg = CD_ROM
		{33403F6A-FFC2-46E6-997A-31585F5552E6}.CD_ROM|Any CPU.Build.0 = CD_ROM
		{33403F6A-FFC2-46E6-997A-31585F5552E6}.Debug|Any CPU.ActiveCfg = DVD-5
		{33403F6A-FFC2-46E6-997A-31585F5552E6}.Debug|Any CPU.Build.0 = DVD-5
		{33403F6A-FFC2-46E6-997A-31585F5552E6}.DVD-5|Any CPU.ActiveCfg = DVD-5
		{33403F6A-FFC2-46E6-997A-31585F5552E6}.DVD-5|Any CPU.Build.0 = DVD-5
		{33403F6A-FFC2-46E6-997A-31585F5552E6}.Release|Any CPU.ActiveCfg = SingleImage
		{33403F6A-FFC2-46E6-997A-31585F5552E6}.Release|Any CPU.Build.0 = SingleImage
		{33403F6A-FFC2-46E6-997A-31585F5552E6}.SingleImage|Any CPU.ActiveCfg = SingleImage
		{33403F6A-FFC2-46E6-997A-31585F5552E6}.SingleImage|Any CPU.Build.0 = SingleImage
		{0CDA51C1-E493-4D69-AC3D-034989E473A5}.CD_ROM|Any CPU.ActiveCfg = Release|Any CPU
		{0CDA51C1-E493-4D69-AC3D-034989E473A5}.CD_ROM|Any CPU.Build.0 = Release|Any CPU
		{0CDA51C1-E493-4D69-AC3D-034989E473A5}.Debug|Any CPU.ActiveCfg = Debug|Any CPU
		{0CDA51C1-E493-4D69-AC3D-034989E473A5}.Debug|Any CPU.Build.0 = Debug|Any CPU
		{0CDA51C1-E493-4D69-AC3D-034989E473A5}.DVD-5|Any CPU.ActiveCfg = Debug|Any CPU
		{0CDA51C1-E493-4D69-AC3D-034989E473A5}.DVD-5|Any CPU.Build.0 = Debug|Any CPU
		{0CDA51C1-E493-4D69-AC3D-034989E473A5}.Release|Any CPU.ActiveCfg = Release|Any CPU
		{0CDA51C1-E493-4D69-AC3D-034989E473A5}.Release|Any CPU.Build.0 = Release|Any CPU
		{0CDA51C1-E493-4D69-AC3D-034989E473A5}.SingleImage|Any CPU.ActiveCfg = Release|Any CPU
		{0CDA51C1-E493-4D69-AC3D-034989E473A5}.SingleImage|Any CPU.Build.0 = Release|Any CPU
		{E942AB83-DA93-4B16-A826-FF3993B47329}.CD_ROM|Any CPU.ActiveCfg = Release|Any CPU
		{E942AB83-DA93-4B16-A826-FF3993B47329}.CD_ROM|Any CPU.Build.0 = Release|Any CPU
		{E942AB83-DA93-4B16-A826-FF3993B47329}.Debug|Any CPU.ActiveCfg = Debug|Any CPU
		{E942AB83-DA93-4B16-A826-FF3993B47329}.Debug|Any CPU.Build.0 = Debug|Any CPU
		{E942AB83-DA93-4B16-A826-FF3993B47329}.DVD-5|Any CPU.ActiveCfg = Debug|Any CPU
		{E942AB83-DA93-4B16-A826-FF3993B47329}.DVD-5|Any CPU.Build.0 = Debug|Any CPU
		{E942AB83-DA93-4B16-A826-FF3993B47329}.Release|Any CPU.ActiveCfg = Release|Any CPU
		{E942AB83-DA93-4B16-A826-FF3993B47329}.Release|Any CPU.Build.0 = Release|Any CPU
		{E942AB83-DA93-4B16-A826-FF3993B47329}.SingleImage|Any CPU.ActiveCfg = Release|Any CPU
		{E942AB83-DA93-4B16-A826-FF3993B47329}.SingleImage|Any CPU.Build.0 = Release|Any CPU
	EndGlobalSection
	GlobalSection(SolutionProperties) = preSolution
		HideSolutionNode = FALSE
	EndGlobalSection
EndGlobal
